
Microsoft Visual Studio Solution File, Format Version 12.00
# Visual Studio Version 17
VisualStudioVersion = 17.14.36301.6
MinimumVisualStudioVersion = 10.0.40219.1
Project("{FAE04EC0-301F-11D3-BF4B-00C04F79EFBC}") = "Vistas", "WebApplication1\Vistas.csproj", "{EEAE47A8-E16B-4970-B267-E00C41430888}"
EndProject
Project("{FAE04EC0-301F-11D3-BF4B-00C04F79EFBC}") = "Modelos", "Modelos\Modelos.csproj", "{E7D6F9B6-DDBA-49D2-B62F-30D8A8DAABD5}"
EndProject
Project("{FAE04EC0-301F-11D3-BF4B-00C04F79EFBC}") = "Controladores", "Controladores\Controladores.csproj", "{A400D92C-E2ED-486B-8B5E-D4007BBE2C0E}"
EndProject
Global
	GlobalSection(SolutionConfigurationPlatforms) = preSolution
		Debug|Any CPU = Debug|Any CPU
		Release|Any CPU = Release|Any CPU
	EndGlobalSection
	GlobalSection(ProjectConfigurationPlatforms) = postSolution
		{EEAE47A8-E16B-4970-B267-E00C41430888}.Debug|Any CPU.ActiveCfg = Debug|Any CPU
		{EEAE47A8-E16B-4970-B267-E00C41430888}.Debug|Any CPU.Build.0 = Debug|Any CPU
		{EEAE47A8-E16B-4970-B267-E00C41430888}.Release|Any CPU.ActiveCfg = Release|Any CPU
		{EEAE47A8-E16B-4970-B267-E00C41430888}.Release|Any CPU.Build.0 = Release|Any CPU
		{E7D6F9B6-DDBA-49D2-B62F-30D8A8DAABD5}.Debug|Any CPU.ActiveCfg = Debug|Any CPU
		{E7D6F9B6-DDBA-49D2-B62F-30D8A8DAABD5}.Debug|Any CPU.Build.0 = Debug|Any CPU
		{E7D6F9B6-DDBA-49D2-B62F-30D8A8DAABD5}.Release|Any CPU.ActiveCfg = Release|Any CPU
		{E7D6F9B6-DDBA-49D2-B62F-30D8A8DAABD5}.Release|Any CPU.Build.0 = Release|Any CPU
		{A400D92C-E2ED-486B-8B5E-D4007BBE2C0E}.Debug|Any CPU.ActiveCfg = Debug|Any CPU
		{A400D92C-E2ED-486B-8B5E-D4007BBE2C0E}.Debug|Any CPU.Build.0 = Debug|Any CPU
		{A400D92C-E2ED-486B-8B5E-D4007BBE2C0E}.Release|Any CPU.ActiveCfg = Release|Any CPU
		{A400D92C-E2ED-486B-8B5E-D4007BBE2C0E}.Release|Any CPU.Build.0 = Release|Any CPU
	EndGlobalSection
	GlobalSection(SolutionProperties) = preSolution
		HideSolutionNode = FALSE
	EndGlobalSection
	GlobalSection(ExtensibilityGlobals) = postSolution
		SolutionGuid = {F5964D48-45A8-49BF-9A11-188DA5D019BB}
	EndGlobalSection
EndGlobal
